
Microsoft Visual Studio Solution File, Format Version 11.00
# Visual Studio 2010
Project("{FAE04EC0-301F-11D3-BF4B-00C04F79EFBC}") = "Assembly-CSharp", "Assembly-CSharp.csproj", "{4282E6D5-DFE0-DFA7-C857-626AFBBBACAA}"
EndProject
Project("{FAE04EC0-301F-11D3-BF4B-00C04F79EFBC}") = "Assembly-CSharp-Editor", "Assembly-CSharp-Editor.csproj", "{BD94C5E5-35CD-279A-4A63-2058A5949B9A}"
EndProject
Global
	GlobalSection(SolutionConfigurationPlatforms) = preSolution
		Debug|Any CPU = Debug|Any CPU
		Release|Any CPU = Release|Any CPU
	EndGlobalSection
	GlobalSection(ProjectConfigurationPlatforms) = postSolution
		{4282E6D5-DFE0-DFA7-C857-626AFBBBACAA}.Debug|Any CPU.ActiveCfg = Debug|Any CPU
		{4282E6D5-DFE0-DFA7-C857-626AFBBBACAA}.Debug|Any CPU.Build.0 = Debug|Any CPU
		{4282E6D5-DFE0-DFA7-C857-626AFBBBACAA}.Release|Any CPU.ActiveCfg = Release|Any CPU
		{4282E6D5-DFE0-DFA7-C857-626AFBBBACAA}.Release|Any CPU.Build.0 = Release|Any CPU
		{BD94C5E5-35CD-279A-4A63-2058A5949B9A}.Debug|Any CPU.ActiveCfg = Debug|Any CPU
		{BD94C5E5-35CD-279A-4A63-2058A5949B9A}.Debug|Any CPU.Build.0 = Debug|Any CPU
		{BD94C5E5-35CD-279A-4A63-2058A5949B9A}.Release|Any CPU.ActiveCfg = Release|Any CPU
		{BD94C5E5-35CD-279A-4A63-2058A5949B9A}.Release|Any CPU.Build.0 = Release|Any CPU
	EndGlobalSection
	GlobalSection(SolutionProperties) = preSolution
		HideSolutionNode = FALSE
	EndGlobalSection
EndGlobal
