
Microsoft Visual Studio Solution File, Format Version 11.00
# Visual Studio 2010
Project("{FAE04EC0-301F-11D3-BF4B-00C04F79EFBC}") = "Assembly-CSharp", "Assembly-CSharp.csproj", "{91CCBD67-EF04-900B-F39D-005183627860}"
EndProject
Project("{FAE04EC0-301F-11D3-BF4B-00C04F79EFBC}") = "Assembly-CSharp-Editor", "Assembly-CSharp-Editor.csproj", "{5E7B092C-08C9-D98F-1234-E4172D4251DA}"
EndProject
Global
	GlobalSection(SolutionConfigurationPlatforms) = preSolution
		Debug|Any CPU = Debug|Any CPU
		Release|Any CPU = Release|Any CPU
	EndGlobalSection
	GlobalSection(ProjectConfigurationPlatforms) = postSolution
		{91CCBD67-EF04-900B-F39D-005183627860}.Debug|Any CPU.ActiveCfg = Debug|Any CPU
		{91CCBD67-EF04-900B-F39D-005183627860}.Debug|Any CPU.Build.0 = Debug|Any CPU
		{91CCBD67-EF04-900B-F39D-005183627860}.Release|Any CPU.ActiveCfg = Release|Any CPU
		{91CCBD67-EF04-900B-F39D-005183627860}.Release|Any CPU.Build.0 = Release|Any CPU
		{5E7B092C-08C9-D98F-1234-E4172D4251DA}.Debug|Any CPU.ActiveCfg = Debug|Any CPU
		{5E7B092C-08C9-D98F-1234-E4172D4251DA}.Debug|Any CPU.Build.0 = Debug|Any CPU
		{5E7B092C-08C9-D98F-1234-E4172D4251DA}.Release|Any CPU.ActiveCfg = Release|Any CPU
		{5E7B092C-08C9-D98F-1234-E4172D4251DA}.Release|Any CPU.Build.0 = Release|Any CPU
	EndGlobalSection
	GlobalSection(SolutionProperties) = preSolution
		HideSolutionNode = FALSE
	EndGlobalSection
EndGlobal
